
Microsoft Visual Studio Solution File, Format Version 12.00
# Visual Studio Version 17
VisualStudioVersion = 17.6.33829.357
MinimumVisualStudioVersion = 10.0.40219.1
Project("{FAE04EC0-301F-11D3-BF4B-00C04F79EFBC}") = "SportsStore", "SportsStore\SportsStore.csproj", "{1895EDF7-1BFB-4C43-BDB2-52AC48DBD330}"
EndProject
Project("{FAE04EC0-301F-11D3-BF4B-00C04F79EFBC}") = "SportsStore.Tests", "SportsStore.Tests\SportsStore.Tests.csproj", "{AAD19744-1493-416F-A54B-5BDE03DF4B13}"
EndProject
Global
	GlobalSection(SolutionConfigurationPlatforms) = preSolution
		Debug|Any CPU = Debug|Any CPU
		Release|Any CPU = Release|Any CPU
	EndGlobalSection
	GlobalSection(ProjectConfigurationPlatforms) = postSolution
		{1895EDF7-1BFB-4C43-BDB2-52AC48DBD330}.Debug|Any CPU.ActiveCfg = Debug|Any CPU
		{1895EDF7-1BFB-4C43-BDB2-52AC48DBD330}.Debug|Any CPU.Build.0 = Debug|Any CPU
		{1895EDF7-1BFB-4C43-BDB2-52AC48DBD330}.Release|Any CPU.ActiveCfg = Release|Any CPU
		{1895EDF7-1BFB-4C43-BDB2-52AC48DBD330}.Release|Any CPU.Build.0 = Release|Any CPU
		{AAD19744-1493-416F-A54B-5BDE03DF4B13}.Debug|Any CPU.ActiveCfg = Debug|Any CPU
		{AAD19744-1493-416F-A54B-5BDE03DF4B13}.Debug|Any CPU.Build.0 = Debug|Any CPU
		{AAD19744-1493-416F-A54B-5BDE03DF4B13}.Release|Any CPU.ActiveCfg = Release|Any CPU
		{AAD19744-1493-416F-A54B-5BDE03DF4B13}.Release|Any CPU.Build.0 = Release|Any CPU
	EndGlobalSection
	GlobalSection(SolutionProperties) = preSolution
		HideSolutionNode = FALSE
	EndGlobalSection
	GlobalSection(ExtensibilityGlobals) = postSolution
		SolutionGuid = {F8174A27-065A-4822-A7AA-7D3ABC7870E2}
	EndGlobalSection
EndGlobal
